
Microsoft Visual Studio Solution File, Format Version 12.00
# Visual Studio 15
Project("{FAE04EC0-301F-11D3-BF4B-00C04F79EFBC}") = "blobs", "blobs.csproj", "{3D65D0AF-C7C1-417E-B5F6-2720DF745010}"
EndProject
Global
	GlobalSection(SolutionConfigurationPlatforms) = preSolution
		Debug|Any CPU = Debug|Any CPU
		Release|Any CPU = Release|Any CPU
	EndGlobalSection
	GlobalSection(ProjectConfigurationPlatforms) = postSolution
		{3D65D0AF-C7C1-417E-B5F6-2720DF745010}.Debug|Any CPU.ActiveCfg = Debug|Any CPU
		{3D65D0AF-C7C1-417E-B5F6-2720DF745010}.Debug|Any CPU.Build.0 = Debug|Any CPU
		{3D65D0AF-C7C1-417E-B5F6-2720DF745010}.Release|Any CPU.ActiveCfg = Release|Any CPU
		{3D65D0AF-C7C1-417E-B5F6-2720DF745010}.Release|Any CPU.Build.0 = Release|Any CPU
	EndGlobalSection
EndGlobal
